
Microsoft Visual Studio Solution File, Format Version 12.00
# Visual Studio Version 16
VisualStudioVersion = 16.0.31005.135
MinimumVisualStudioVersion = 10.0.40219.1
Project("{FAE04EC0-301F-11D3-BF4B-00C04F79EFBC}") = "GradeR", "GradeR\GradeR.csproj", "{C81D00C6-4AA3-45E0-8CC8-D5B11DA4B237}"
EndProject
Global
	GlobalSection(SolutionConfigurationPlatforms) = preSolution
		Debug|Any CPU = Debug|Any CPU
		Release|Any CPU = Release|Any CPU
	EndGlobalSection
	GlobalSection(ProjectConfigurationPlatforms) = postSolution
		{C81D00C6-4AA3-45E0-8CC8-D5B11DA4B237}.Debug|Any CPU.ActiveCfg = Debug|Any CPU
		{C81D00C6-4AA3-45E0-8CC8-D5B11DA4B237}.Debug|Any CPU.Build.0 = Debug|Any CPU
		{C81D00C6-4AA3-45E0-8CC8-D5B11DA4B237}.Release|Any CPU.ActiveCfg = Release|Any CPU
		{C81D00C6-4AA3-45E0-8CC8-D5B11DA4B237}.Release|Any CPU.Build.0 = Release|Any CPU
	EndGlobalSection
	GlobalSection(SolutionProperties) = preSolution
		HideSolutionNode = FALSE
	EndGlobalSection
	GlobalSection(ExtensibilityGlobals) = postSolution
		SolutionGuid = {BAC7FF33-957F-4098-9292-1CE4F1A71060}
	EndGlobalSection
EndGlobal
